// !$*UTF8*$!
{
	archiveVersion = 1;
	classes = {
	};
	objectVersion = 50;
	objects = {

/* Begin PBXBuildFile section */
		EB4A10A424BDCD9C0073C64C /* AppDelegate.m in Sources */ = {isa = PBXBuildFile; fileRef = EB4A10A324BDCD9C0073C64C /* AppDelegate.m */; };
		EB4A10A724BDCD9C0073C64C /* SceneDelegate.m in Sources */ = {isa = PBXBuildFile; fileRef = EB4A10A624BDCD9C0073C64C /* SceneDelegate.m */; };
		EB4A10AA24BDCD9C0073C64C /* ViewController.m in Sources */ = {isa = PBXBuildFile; fileRef = EB4A10A924BDCD9C0073C64C /* ViewController.m */; };
		EB4A10AD24BDCD9C0073C64C /* Main.storyboard in Resources */ = {isa = PBXBuildFile; fileRef = EB4A10AB24BDCD9C0073C64C /* Main.storyboard */; };
		EB4A10AF24BDCD9D0073C64C /* Assets.xcassets in Resources */ = {isa = PBXBuildFile; fileRef = EB4A10AE24BDCD9D0073C64C /* Assets.xcassets */; };
		EB4A10B224BDCD9D0073C64C /* LaunchScreen.storyboard in Resources */ = {isa = PBXBuildFile; fileRef = EB4A10B024BDCD9D0073C64C /* LaunchScreen.storyboard */; };
		EB4A10B524BDCD9D0073C64C /* main.m in Sources */ = {isa = PBXBuildFile; fileRef = EB4A10B424BDCD9D0073C64C /* main.m */; };
		EB4A10BD24BDD1F90073C64C /* SuperView.m in Sources */ = {isa = PBXBuildFile; fileRef = EB4A10BC24BDD1F90073C64C /* SuperView.m */; };
/* End PBXBuildFile section */

/* Begin PBXFileReference section */
		EB4A109F24BDCD9C0073C64C /* 手动布局子视图.app */ = {isa = PBXFileReference; explicitFileType = wrapper.application; includeInIndex = 0; path = "手动布局子视图.app"; sourceTree = BUILT_PRODUCTS_DIR; };
		EB4A10A224BDCD9C0073C64C /* AppDelegate.h */ = {isa = PBXFileReference; lastKnownFileType = sourcecode.c.h; path = AppDelegate.h; sourceTree = "<group>"; };
		EB4A10A324BDCD9C0073C64C /* AppDelegate.m */ = {isa = PBXFileReference; lastKnownFileType = sourcecode.c.objc; path = AppDelegate.m; sourceTree = "<group>"; };
		EB4A10A524BDCD9C0073C64C /* SceneDelegate.h */ = {isa = PBXFileReference; lastKnownFileType = sourcecode.c.h; path = SceneDelegate.h; sourceTree = "<group>"; };
		EB4A10A624BDCD9C0073C64C /* SceneDelegate.m */ = {isa = PBXFileReference; lastKnownFileType = sourcecode.c.objc; path = SceneDelegate.m; sourceTree = "<group>"; };
		EB4A10A824BDCD9C0073C64C /* ViewController.h */ = {isa = PBXFileReference; lastKnownFileType = sourcecode.c.h; path = ViewController.h; sourceTree = "<group>"; };
		EB4A10A924BDCD9C0073C64C /* ViewController.m */ = {isa = PBXFileReference; lastKnownFileType = sourcecode.c.objc; path = ViewController.m; sourceTree = "<group>"; };
		EB4A10AC24BDCD9C0073C64C /* Base */ = {isa = PBXFileReference; lastKnownFileType = file.storyboard; name = Base; path = Base.lproj/Main.storyboard; sourceTree = "<group>"; };
		EB4A10AE24BDCD9D0073C64C /* Assets.xcassets */ = {isa = PBXFileReference; lastKnownFileType = folder.assetcatalog; path = Assets.xcassets; sourceTree = "<group>"; };
		EB4A10B124BDCD9D0073C64C /* Base */ = {isa = PBXFileReference; lastKnownFileType = file.storyboard; name = Base; path = Base.lproj/LaunchScreen.storyboard; sourceTree = "<group>"; };
		EB4A10B324BDCD9D0073C64C /* Info.plist */ = {isa = PBXFileReference; lastKnownFileType = text.plist.xml; path = Info.plist; sourceTree = "<group>"; };
		EB4A10B424BDCD9D0073C64C /* main.m */ = {isa = PBXFileReference; lastKnownFileType = sourcecode.c.objc; path = main.m; sourceTree = "<group>"; };
		EB4A10BB24BDD1F90073C64C /* SuperView.h */ = {isa = PBXFileReference; lastKnownFileType = sourcecode.c.h; path = SuperView.h; sourceTree = "<group>"; };
		EB4A10BC24BDD1F90073C64C /* SuperView.m */ = {isa = PBXFileReference; lastKnownFileType = sourcecode.c.objc; path = SuperView.m; sourceTree = "<group>"; };
/* End PBXFileReference section */

/* Begin PBXFrameworksBuildPhase section */
		EB4A109C24BDCD9C0073C64C /* Frameworks */ = {
			isa = PBXFrameworksBuildPhase;
			buildActionMask = 2147483647;
			files = (
			);
			runOnlyForDeploymentPostprocessing = 0;
		};
/* End PBXFrameworksBuildPhase section */

/* Begin PBXGroup section */
		EB4A109624BDCD9C0073C64C = {
			isa = PBXGroup;
			children = (
				EB4A10A124BDCD9C0073C64C /* 手动布局子视图 */,
				EB4A10A024BDCD9C0073C64C /* Products */,
			);
			sourceTree = "<group>";
		};
		EB4A10A024BDCD9C0073C64C /* Products */ = {
			isa = PBXGroup;
			children = (
				EB4A109F24BDCD9C0073C64C /* 手动布局子视图.app */,
			);
			name = Products;
			sourceTree = "<group>";
		};
		EB4A10A124BDCD9C0073C64C /* 手动布局子视图 */ = {
			isa = PBXGroup;
			children = (
				EB4A10A224BDCD9C0073C64C /* AppDelegate.h */,
				EB4A10A324BDCD9C0073C64C /* AppDelegate.m */,
				EB4A10A524BDCD9C0073C64C /* SceneDelegate.h */,
				EB4A10A624BDCD9C0073C64C /* SceneDelegate.m */,
				EB4A10A824BDCD9C0073C64C /* ViewController.h */,
				EB4A10A924BDCD9C0073C64C /* ViewController.m */,
				EB4A10BB24BDD1F90073C64C /* SuperView.h */,
				EB4A10BC24BDD1F90073C64C /* SuperView.m */,
				EB4A10AB24BDCD9C0073C64C /* Main.storyboard */,
				EB4A10AE24BDCD9D0073C64C /* Assets.xcassets */,
				EB4A10B024BDCD9D0073C64C /* LaunchScreen.storyboard */,
				EB4A10B324BDCD9D0073C64C /* Info.plist */,
				EB4A10B424BDCD9D0073C64C /* main.m */,
			);
			path = "手动布局子视图";
			sourceTree = "<group>";
		};
/* End PBXGroup section */

/* Begin PBXNativeTarget section */
		EB4A109E24BDCD9C0073C64C /* 手动布局子视图 */ = {
			isa = PBXNativeTarget;
			buildConfigurationList = EB4A10B824BDCD9D0073C64C /* Build configuration list for PBXNativeTarget "手动布局子视图" */;
			buildPhases = (
				EB4A109B24BDCD9C0073C64C /* Sources */,
				EB4A109C24BDCD9C0073C64C /* Frameworks */,
				EB4A109D24BDCD9C0073C64C /* Resources */,
			);
			buildRules = (
			);
			dependencies = (
			);
			name = "手动布局子视图";
			productName = "手动布局子视图";
			productReference = EB4A109F24BDCD9C0073C64C /* 手动布局子视图.app */;
			productType = "com.apple.product-type.application";
		};
/* End PBXNativeTarget section */

/* Begin PBXProject section */
		EB4A109724BDCD9C0073C64C /* Project object */ = {
			isa = PBXProject;
			attributes = {
				LastUpgradeCheck = 1150;
				ORGANIZATIONNAME = "张立远";
				TargetAttributes = {
					EB4A109E24BDCD9C0073C64C = {
						CreatedOnToolsVersion = 11.5;
					};
				};
			};
			buildConfigurationList = EB4A109A24BDCD9C0073C64C /* Build configuration list for PBXProject "手动布局子视图" */;
			compatibilityVersion = "Xcode 9.3";
			developmentRegion = en;
			hasScannedForEncodings = 0;
			knownRegions = (
				en,
				Base,
			);
			mainGroup = EB4A109624BDCD9C0073C64C;
			productRefGroup = EB4A10A024BDCD9C0073C64C /* Products */;
			projectDirPath = "";
			projectRoot = "";
			targets = (
				EB4A109E24BDCD9C0073C64C /* 手动布局子视图 */,
			);
		};
/* End PBXProject section */

/* Begin PBXResourcesBuildPhase section */
		EB4A109D24BDCD9C0073C64C /* Resources */ = {
			isa = PBXResourcesBuildPhase;
			buildActionMask = 2147483647;
			files = (
				EB4A10B224BDCD9D0073C64C /* LaunchScreen.storyboard in Resources */,
				EB4A10AF24BDCD9D0073C64C /* Assets.xcassets in Resources */,
				EB4A10AD24BDCD9C0073C64C /* Main.storyboard in Resources */,
			);
			runOnlyForDeploymentPostprocessing = 0;
		};
/* End PBXResourcesBuildPhase section */

/* Begin PBXSourcesBuildPhase section */
		EB4A109B24BDCD9C0073C64C /* Sources */ = {
			isa = PBXSourcesBuildPhase;
			buildActionMask = 2147483647;
			files = (
				EB4A10AA24BDCD9C0073C64C /* ViewController.m in Sources */,
				EB4A10A424BDCD9C0073C64C /* AppDelegate.m in Sources */,
				EB4A10BD24BDD1F90073C64C /* SuperView.m in Sources */,
				EB4A10B524BDCD9D0073C64C /* main.m in Sources */,
				EB4A10A724BDCD9C0073C64C /* SceneDelegate.m in Sources */,
			);
			runOnlyForDeploymentPostprocessing = 0;
		};
/* End PBXSourcesBuildPhase section */

/* Begin PBXVariantGroup section */
		EB4A10AB24BDCD9C0073C64C /* Main.storyboard */ = {
			isa = PBXVariantGroup;
			children = (
				EB4A10AC24BDCD9C0073C64C /* Base */,
			);
			name = Main.storyboard;
			sourceTree = "<group>";
		};
		EB4A10B024BDCD9D0073C64C /* LaunchScreen.storyboard */ = {
			isa = PBXVariantGroup;
			children = (
				EB4A10B124BDCD9D0073C64C /* Base */,
			);
			name = LaunchScreen.storyboard;
			sourceTree = "<group>";
		};
/* End PBXVariantGroup section */

/* Begin XCBuildConfiguration section */
		EB4A10B624BDCD9D0073C64C /* Debug */ = {
			isa = XCBuildConfiguration;
			buildSettings = {
				ALWAYS_SEARCH_USER_PATHS = NO;
				CLANG_ANALYZER_NONNULL = YES;
				CLANG_ANALYZER_NUMBER_OBJECT_CONVERSION = YES_AGGRESSIVE;
				CLANG_CXX_LANGUAGE_STANDARD = "gnu++14";
				CLANG_CXX_LIBRARY = "libc++";
				CLANG_ENABLE_MODULES = YES;
				CLANG_ENABLE_OBJC_ARC = YES;
				CLANG_ENABLE_OBJC_WEAK = YES;
				CLANG_WARN_BLOCK_CAPTURE_AUTORELEASING = YES;
				CLANG_WARN_BOOL_CONVERSION = YES;
				CLANG_WARN_COMMA = YES;
				CLANG_WARN_CONSTANT_CONVERSION = YES;
				CLANG_WARN_DEPRECATED_OBJC_IMPLEMENTATIONS = YES;
				CLANG_WARN_DIRECT_OBJC_ISA_USAGE = YES_ERROR;
				CLANG_WARN_DOCUMENTATION_COMMENTS = YES;
				CLANG_WARN_EMPTY_BODY = YES;
				CLANG_WARN_ENUM_CONVERSION = YES;
				CLANG_WARN_INFINITE_RECURSION = YES;
				CLANG_WARN_INT_CONVERSION = YES;
				CLANG_WARN_NON_LITERAL_NULL_CONVERSION = YES;
				CLANG_WARN_OBJC_IMPLICIT_RETAIN_SELF = YES;
				CLANG_WARN_OBJC_LITERAL_CONVERSION = YES;
				CLANG_WARN_OBJC_ROOT_CLASS = YES_ERROR;
				CLANG_WARN_RANGE_LOOP_ANALYSIS = YES;
				CLANG_WARN_STRICT_PROTOTYPES = YES;
				CLANG_WARN_SUSPICIOUS_MOVE = YES;
				CLANG_WARN_UNGUARDED_AVAILABILITY = YES_AGGRESSIVE;
				CLANG_WARN_UNREACHABLE_CODE = YES;
				CLANG_WARN__DUPLICATE_METHOD_MATCH = YES;
				COPY_PHASE_STRIP = NO;
				DEBUG_INFORMATION_FORMAT = dwarf;
				ENABLE_STRICT_OBJC_MSGSEND = YES;
				ENABLE_TESTABILITY = YES;
				GCC_C_LANGUAGE_STANDARD = gnu11;
				GCC_DYNAMIC_NO_PIC = NO;
				GCC_NO_COMMON_BLOCKS = YES;
				GCC_OPTIMIZATION_LEVEL = 0;
				GCC_PREPROCESSOR_DEFINITIONS = (
					"DEBUG=1",
					"$(inherited)",
				);
				GCC_WARN_64_TO_32_BIT_CONVERSION = YES;
				GCC_WARN_ABOUT_RETURN_TYPE = YES_ERROR;
				GCC_WARN_UNDECLARED_SELECTOR = YES;
				GCC_WARN_UNINITIALIZED_AUTOS = YES_AGGRESSIVE;
				GCC_WARN_UNUSED_FUNCTION = YES;
				GCC_WARN_UNUSED_VARIABLE = YES;
				IPHONEOS_DEPLOYMENT_TARGET = 13.5;
				MTL_ENABLE_DEBUG_INFO = INCLUDE_SOURCE;
				MTL_FAST_MATH = YES;
				ONLY_ACTIVE_ARCH = YES;
				SDKROOT = iphoneos;
			};
			name = Debug;
		};
		EB4A10B724BDCD9D0073C64C /* Release */ = {
			isa = XCBuildConfiguration;
			buildSettings = {
				ALWAYS_SEARCH_USER_PATHS = NO;
				CLANG_ANALYZER_NONNULL = YES;
				CLANG_ANALYZER_NUMBER_OBJECT_CONVERSION = YES_AGGRESSIVE;
				CLANG_CXX_LANGUAGE_STANDARD = "gnu++14";
				CLANG_CXX_LIBRARY = "libc++";
				CLANG_ENABLE_MODULES = YES;
				CLANG_ENABLE_OBJC_ARC = YES;
				CLANG_ENABLE_OBJC_WEAK = YES;
				CLANG_WARN_BLOCK_CAPTURE_AUTORELEASING = YES;
				CLANG_WARN_BOOL_CONVERSION = YES;
				CLANG_WARN_COMMA = YES;
				CLANG_WARN_CONSTANT_CONVERSION = YES;
				CLANG_WARN_DEPRECATED_OBJC_IMPLEMENTATIONS = YES;
				CLANG_WARN_DIRECT_OBJC_ISA_USAGE = YES_ERROR;
				CLANG_WARN_DOCUMENTATION_COMMENTS = YES;
				CLANG_WARN_EMPTY_BODY = YES;
				CLANG_WARN_ENUM_CONVERSION = YES;
				CLANG_WARN_INFINITE_RECURSION = YES;
				CLANG_WARN_INT_CONVERSION = YES;
				CLANG_WARN_NON_LITERAL_NULL_CONVERSION = YES;
				CLANG_WARN_OBJC_IMPLICIT_RETAIN_SELF = YES;
				CLANG_WARN_OBJC_LITERAL_CONVERSION = YES;
				CLANG_WARN_OBJC_ROOT_CLASS = YES_ERROR;
				CLANG_WARN_RANGE_LOOP_ANALYSIS = YES;
				CLANG_WARN_STRICT_PROTOTYPES = YES;
				CLANG_WARN_SUSPICIOUS_MOVE = YES;
				CLANG_WARN_UNGUARDED_AVAILABILITY = YES_AGGRESSIVE;
				CLANG_WARN_UNREACHABLE_CODE = YES;
				CLANG_WARN__DUPLICATE_METHOD_MATCH = YES;
				COPY_PHASE_STRIP = NO;
				DEBUG_INFORMATION_FORMAT = "dwarf-with-dsym";
				ENABLE_NS_ASSERTIONS = NO;
				ENABLE_STRICT_OBJC_MSGSEND = YES;
				GCC_C_LANGUAGE_STANDARD = gnu11;
				GCC_NO_COMMON_BLOCKS = YES;
				GCC_WARN_64_TO_32_BIT_CONVERSION = YES;
				GCC_WARN_ABOUT_RETURN_TYPE = YES_ERROR;
				GCC_WARN_UNDECLARED_SELECTOR = YES;
				GCC_WARN_UNINITIALIZED_AUTOS = YES_AGGRESSIVE;
				GCC_WARN_UNUSED_FUNCTION = YES;
				GCC_WARN_UNUSED_VARIABLE = YES;
				IPHONEOS_DEPLOYMENT_TARGET = 13.5;
				MTL_ENABLE_DEBUG_INFO = NO;
				MTL_FAST_MATH = YES;
				SDKROOT = iphoneos;
				VALIDATE_PRODUCT = YES;
			};
			name = Release;
		};
		EB4A10B924BDCD9D0073C64C /* Debug */ = {
			isa = XCBuildConfiguration;
			buildSettings = {
				ASSETCATALOG_COMPILER_APPICON_NAME = AppIcon;
				CODE_SIGN_STYLE = Automatic;
				INFOPLIST_FILE = "手动布局子视图/Info.plist";
				LD_RUNPATH_SEARCH_PATHS = (
					"$(inherited)",
					"@executable_path/Frameworks",
				);
				PRODUCT_BUNDLE_IDENTIFIER = "-23.-------";
				PRODUCT_NAME = "$(TARGET_NAME)";
				TARGETED_DEVICE_FAMILY = "1,2";
			};
			name = Debug;
		};
		EB4A10BA24BDCD9D0073C64C /* Release */ = {
			isa = XCBuildConfiguration;
			buildSettings = {
				ASSETCATALOG_COMPILER_APPICON_NAME = AppIcon;
				CODE_SIGN_STYLE = Automatic;
				INFOPLIST_FILE = "手动布局子视图/Info.plist";
				LD_RUNPATH_SEARCH_PATHS = (
					"$(inherited)",
					"@executable_path/Frameworks",
				);
				PRODUCT_BUNDLE_IDENTIFIER = "-23.-------";
				PRODUCT_NAME = "$(TARGET_NAME)";
				TARGETED_DEVICE_FAMILY = "1,2";
			};
			name = Release;
		};
/* End XCBuildConfiguration section */

/* Begin XCConfigurationList section */
		EB4A109A24BDCD9C0073C64C /* Build configuration list for PBXProject "手动布局子视图" */ = {
			isa = XCConfigurationList;
			buildConfigurations = (
				EB4A10B624BDCD9D0073C64C /* Debug */,
				EB4A10B724BDCD9D0073C64C /* Release */,
			);
			defaultConfigurationIsVisible = 0;
			defaultConfigurationName = Release;
		};
		EB4A10B824BDCD9D0073C64C /* Build configuration list for PBXNativeTarget "手动布局子视图" */ = {
			isa = XCConfigurationList;
			buildConfigurations = (
				EB4A10B924BDCD9D0073C64C /* Debug */,
				EB4A10BA24BDCD9D0073C64C /* Release */,
			);
			defaultConfigurationIsVisible = 0;
			defaultConfigurationName = Release;
		};
/* End XCConfigurationList section */
	};
	rootObject = EB4A109724BDCD9C0073C64C /* Project object */;
}
